{
    "psr/cache": {
        "version": "1.0.x-dev"
    },
    "psr/container": {
        "version": "1.0.x-dev"
    },
    "psr/log": {
        "version": "1.1.x-dev"
    },
    "symfony/cache": {
        "version": "4.3-dev"
    },
    "symfony/config": {
        "version": "4.3-dev"
    },
    "symfony/console": {
        "version": "3.3",
        "recipe": {
            "repo": "github.com/symfony/recipes",
            "branch": "master",
            "version": "3.3",
            "ref": "0fa049c19069a65f52c1c181d64be3de672c1504"
        },
        "files": [
            "bin/console",
            "config/bootstrap.php"
        ]
    },
    "symfony/contracts": {
        "version": "1.0-dev"
    },
    "symfony/debug": {
        "version": "4.3-dev"
    },
    "symfony/dependency-injection": {
        "version": "4.3-dev"
    },
    "symfony/dotenv": {
        "version": "4.3-dev"
    },
    "symfony/event-dispatcher": {
        "version": "4.3-dev"
    },
    "symfony/filesystem": {
        "version": "4.3-dev"
    },
    "symfony/finder": {
        "version": "4.3-dev"
    },
    "symfony/flex": {
        "version": "1.0",
        "recipe": {
            "repo": "github.com/symfony/recipes",
            "branch": "master",
            "version": "1.0",
            "ref": "dc3fc2e0334a4137c47cfd5a3ececc601fa61a0b"
        },
        "files": [
            ".env"
        ]
    },
    "symfony/framework-bundle": {
        "version": "4.2",
        "recipe": {
            "repo": "github.com/symfony/recipes",
            "branch": "master",
            "version": "4.2",
            "ref": "5bb3a8c27df824d195fa68bb635d074854f8498f"
        },
        "files": [
            "config/bootstrap.php",
            "config/packages/cache.yaml",
            "config/packages/framework.yaml",
            "config/packages/test/framework.yaml",
            "config/services.yaml",
            "public/index.php",
            "src/Controller/.gitignore",
            "src/Kernel.php"
        ]
    },
    "symfony/http-foundation": {
        "version": "4.3-dev"
    },
    "symfony/http-kernel": {
        "version": "4.3-dev"
    },
    "symfony/mime": {
        "version": "4.3-dev"
    },
    "symfony/polyfill-mbstring": {
        "version": "1.11-dev"
    },
    "symfony/polyfill-php73": {
        "version": "1.11-dev"
    },
    "symfony/process": {
        "version": "4.3-dev"
    },
    "symfony/routing": {
        "version": "4.2",
        "recipe": {
            "repo": "github.com/symfony/recipes",
            "branch": "master",
            "version": "4.2",
            "ref": "5374e24d508ba8fd6ba9eb15170255fdb778316a"
        },
        "files": [
            "config/packages/dev/routing.yaml",
            "config/packages/routing.yaml",
            "config/packages/test/routing.yaml",
            "config/routes.yaml"
        ]
    },
    "symfony/var-exporter": {
        "version": "4.3-dev"
    },
    "symfony/web-server-bundle": {
        "version": "3.3",
        "recipe": {
            "repo": "github.com/symfony/recipes",
            "branch": "master",
            "version": "3.3",
            "ref": "dae9b39fd6717970be7601101ce5aa960bf53d9a"
        }
    },
    "symfony/yaml": {
        "version": "4.3-dev"
    }
}
